{
  "version": 4,
  "terraform_version": "1.5.1",
  "serial": 21,
  "lineage": "eed43506-3c8c-3d96-3928-bfea25049666",
  "outputs": {},
  "resources": [
    {
      "mode": "managed",
      "type": "azurerm_container_group",
      "name": "tp2_container",
      "provider": "provider[\"registry.terraform.io/hashicorp/azurerm\"]",
      "instances": [
        {
          "schema_version": 0,
          "attributes": {
            "container": [
              {
                "commands": [],
                "cpu": 0.5,
                "cpu_limit": 0,
                "environment_variables": null,
                "gpu": [],
                "gpu_limit": [],
                "image": "arqsoft/guids:1.0.0",
                "liveness_probe": [],
                "memory": 0.5,
                "memory_limit": 0,
                "name": "ahgijamjxfezzbzffauiedzre",
                "ports": [
                  {
                    "port": 8888,
                    "protocol": "TCP"
                  }
                ],
                "readiness_probe": [],
                "secure_environment_variables": null,
                "volume": []
              }
            ],
            "diagnostics": [],
            "dns_config": [],
            "dns_name_label": "",
            "dns_name_label_reuse_policy": "Unsecure",
            "exposed_port": [
              {
                "port": 8888,
                "protocol": "TCP"
              }
            ],
            "fqdn": "",
            "id": "/subscriptions/03c362fd-3e66-4f99-b044-781faff09674/resourceGroups/tp2_resource_group/providers/Microsoft.ContainerInstance/containerGroups/ahgijamjxfezzbzffauiedzre",
            "identity": [],
            "image_registry_credential": [],
            "init_container": [],
            "ip_address": "10.0.4.4",
            "ip_address_type": "Private",
            "key_vault_key_id": null,
            "location": "eastus2",
            "name": "ahgijamjxfezzbzffauiedzre",
            "network_profile_id": null,
            "os_type": "Linux",
            "resource_group_name": "tp2_resource_group",
            "restart_policy": "Always",
            "subnet_ids": [
              "/subscriptions/03c362fd-3e66-4f99-b044-781faff09674/resourceGroups/tp2_resource_group/providers/Microsoft.Network/virtualNetworks/tp2_network/subnets/tp2_container_subnet"
            ],
            "tags": null,
            "timeouts": null,
            "zones": null
          },
          "sensitive_attributes": [],
          "private": "eyJlMmJmYjczMC1lY2FhLTExZTYtOGY4OC0zNDM2M2JjN2M0YzAiOnsiY3JlYXRlIjoxODAwMDAwMDAwMDAwLCJkZWxldGUiOjE4MDAwMDAwMDAwMDAsInJlYWQiOjMwMDAwMDAwMDAwMCwidXBkYXRlIjoxODAwMDAwMDAwMDAwfX0=",
          "dependencies": [
            "azurerm_resource_group.tp2_resource_group",
            "azurerm_subnet.tp2_sn_container",
            "azurerm_virtual_network.tp2_vn",
            "random_string.container_name"
          ]
        }
      ]
    },
    {
      "mode": "managed",
      "type": "azurerm_lb",
      "name": "tp2_lb",
      "provider": "provider[\"registry.terraform.io/hashicorp/azurerm\"]",
      "instances": [
        {
          "schema_version": 0,
          "attributes": {
            "edge_zone": "",
            "frontend_ip_configuration": [
              {
                "gateway_load_balancer_frontend_ip_configuration_id": "",
                "id": "/subscriptions/03c362fd-3e66-4f99-b044-781faff09674/resourceGroups/tp2_resource_group/providers/Microsoft.Network/loadBalancers/tp2_lb/frontendIPConfigurations/tp2_lb_public_ip",
                "inbound_nat_rules": [],
                "load_balancer_rules": [],
                "name": "tp2_lb_public_ip",
                "outbound_rules": [],
                "private_ip_address": "",
                "private_ip_address_allocation": "Dynamic",
                "private_ip_address_version": "",
                "public_ip_address_id": "/subscriptions/03c362fd-3e66-4f99-b044-781faff09674/resourceGroups/tp2_resource_group/providers/Microsoft.Network/publicIPAddresses/lb_public_ip",
                "public_ip_prefix_id": "",
                "subnet_id": "",
                "zones": null
              }
            ],
            "id": "/subscriptions/03c362fd-3e66-4f99-b044-781faff09674/resourceGroups/tp2_resource_group/providers/Microsoft.Network/loadBalancers/tp2_lb",
            "location": "eastus2",
            "name": "tp2_lb",
            "private_ip_address": "",
            "private_ip_addresses": [],
            "resource_group_name": "tp2_resource_group",
            "sku": "Basic",
            "sku_tier": "Regional",
            "tags": null,
            "timeouts": null
          },
          "sensitive_attributes": [],
          "private": "eyJlMmJmYjczMC1lY2FhLTExZTYtOGY4OC0zNDM2M2JjN2M0YzAiOnsiY3JlYXRlIjoxODAwMDAwMDAwMDAwLCJkZWxldGUiOjE4MDAwMDAwMDAwMDAsInJlYWQiOjMwMDAwMDAwMDAwMCwidXBkYXRlIjoxODAwMDAwMDAwMDAwfX0=",
          "dependencies": [
            "azurerm_public_ip.lb_public_ip",
            "azurerm_resource_group.tp2_resource_group",
            "random_string.lb_name"
          ]
        }
      ]
    },
    {
      "mode": "managed",
      "type": "azurerm_lb_backend_address_pool",
      "name": "lb_backend_address_pool",
      "provider": "provider[\"registry.terraform.io/hashicorp/azurerm\"]",
      "instances": [
        {
          "schema_version": 0,
          "attributes": {
            "backend_ip_configurations": [],
            "id": "/subscriptions/03c362fd-3e66-4f99-b044-781faff09674/resourceGroups/tp2_resource_group/providers/Microsoft.Network/loadBalancers/tp2_lb/backendAddressPools/lb_backend_address_pool",
            "inbound_nat_rules": [],
            "load_balancing_rules": [],
            "loadbalancer_id": "/subscriptions/03c362fd-3e66-4f99-b044-781faff09674/resourceGroups/tp2_resource_group/providers/Microsoft.Network/loadBalancers/tp2_lb",
            "name": "lb_backend_address_pool",
            "outbound_rules": [],
            "timeouts": null,
            "tunnel_interface": [],
            "virtual_network_id": ""
          },
          "sensitive_attributes": [],
          "private": "eyJlMmJmYjczMC1lY2FhLTExZTYtOGY4OC0zNDM2M2JjN2M0YzAiOnsiY3JlYXRlIjoxODAwMDAwMDAwMDAwLCJkZWxldGUiOjE4MDAwMDAwMDAwMDAsInJlYWQiOjMwMDAwMDAwMDAwMCwidXBkYXRlIjoxODAwMDAwMDAwMDAwfX0=",
          "dependencies": [
            "azurerm_lb.tp2_lb",
            "azurerm_public_ip.lb_public_ip",
            "azurerm_resource_group.tp2_resource_group",
            "random_string.lb_name"
          ]
        }
      ]
    },
    {
      "mode": "managed",
      "type": "azurerm_lb_probe",
      "name": "lb_probe",
      "provider": "provider[\"registry.terraform.io/hashicorp/azurerm\"]",
      "instances": [
        {
          "schema_version": 0,
          "attributes": {
            "id": "/subscriptions/03c362fd-3e66-4f99-b044-781faff09674/resourceGroups/tp2_resource_group/providers/Microsoft.Network/loadBalancers/tp2_lb/probes/lb_probe",
            "interval_in_seconds": 15,
            "load_balancer_rules": [],
            "loadbalancer_id": "/subscriptions/03c362fd-3e66-4f99-b044-781faff09674/resourceGroups/tp2_resource_group/providers/Microsoft.Network/loadBalancers/tp2_lb",
            "name": "lb_probe",
            "number_of_probes": 2,
            "port": 3000,
            "probe_threshold": 1,
            "protocol": "Tcp",
            "request_path": "",
            "timeouts": null
          },
          "sensitive_attributes": [],
          "private": "eyJlMmJmYjczMC1lY2FhLTExZTYtOGY4OC0zNDM2M2JjN2M0YzAiOnsiY3JlYXRlIjoxODAwMDAwMDAwMDAwLCJkZWxldGUiOjE4MDAwMDAwMDAwMDAsInJlYWQiOjMwMDAwMDAwMDAwMCwidXBkYXRlIjoxODAwMDAwMDAwMDAwfX0=",
          "dependencies": [
            "azurerm_lb.tp2_lb",
            "azurerm_public_ip.lb_public_ip",
            "azurerm_resource_group.tp2_resource_group",
            "random_string.lb_name"
          ]
        }
      ]
    },
    {
      "mode": "managed",
      "type": "azurerm_lb_rule",
      "name": "lb_rule",
      "provider": "provider[\"registry.terraform.io/hashicorp/azurerm\"]",
      "instances": [
        {
          "schema_version": 0,
          "attributes": {
            "backend_address_pool_ids": [
              "/subscriptions/03c362fd-3e66-4f99-b044-781faff09674/resourceGroups/tp2_resource_group/providers/Microsoft.Network/loadBalancers/tp2_lb/backendAddressPools/lb_backend_address_pool"
            ],
            "backend_port": 3000,
            "disable_outbound_snat": false,
            "enable_floating_ip": false,
            "enable_tcp_reset": false,
            "frontend_ip_configuration_id": "/subscriptions/03c362fd-3e66-4f99-b044-781faff09674/resourceGroups/tp2_resource_group/providers/Microsoft.Network/loadBalancers/tp2_lb/frontendIPConfigurations/tp2_lb_public_ip",
            "frontend_ip_configuration_name": "tp2_lb_public_ip",
            "frontend_port": 80,
            "id": "/subscriptions/03c362fd-3e66-4f99-b044-781faff09674/resourceGroups/tp2_resource_group/providers/Microsoft.Network/loadBalancers/tp2_lb/loadBalancingRules/HTTPFwd",
            "idle_timeout_in_minutes": 4,
            "load_distribution": "Default",
            "loadbalancer_id": "/subscriptions/03c362fd-3e66-4f99-b044-781faff09674/resourceGroups/tp2_resource_group/providers/Microsoft.Network/loadBalancers/tp2_lb",
            "name": "HTTPFwd",
            "probe_id": "/subscriptions/03c362fd-3e66-4f99-b044-781faff09674/resourceGroups/tp2_resource_group/providers/Microsoft.Network/loadBalancers/tp2_lb/probes/lb_probe",
            "protocol": "Tcp",
            "timeouts": null
          },
          "sensitive_attributes": [],
          "private": "eyJlMmJmYjczMC1lY2FhLTExZTYtOGY4OC0zNDM2M2JjN2M0YzAiOnsiY3JlYXRlIjoxODAwMDAwMDAwMDAwLCJkZWxldGUiOjE4MDAwMDAwMDAwMDAsInJlYWQiOjMwMDAwMDAwMDAwMCwidXBkYXRlIjoxODAwMDAwMDAwMDAwfX0=",
          "dependencies": [
            "azurerm_lb.tp2_lb",
            "azurerm_lb_backend_address_pool.lb_backend_address_pool",
            "azurerm_lb_probe.lb_probe",
            "azurerm_public_ip.lb_public_ip",
            "azurerm_resource_group.tp2_resource_group",
            "random_string.lb_name"
          ]
        }
      ]
    },
    {
      "mode": "managed",
      "type": "azurerm_linux_virtual_machine",
      "name": "jumpbox",
      "provider": "provider[\"registry.terraform.io/hashicorp/azurerm\"]",
      "instances": [
        {
          "schema_version": 0,
          "attributes": {
            "additional_capabilities": [],
            "admin_password": null,
            "admin_ssh_key": [
              {
                "public_key": "ssh-rsa AAAAB3NzaC1yc2EAAAADAQABAAABgQC7elKOGGHBQ+8OZvTfO6wXjCCX7QMEHT3ZW9jtMPhh1BtKo3b+QRStkETy+PdDjBmDL+0Vqzx6Sv2X/mB5iuZ3d2m+L1ntSGp7u759HPpFxIBhjdFLSkIDMqS320TLKeVcifpeFO3OgwWMYE0OByqmKSN5M3un5PTCXEbT0Cu051SDRubc5vl3DHgF1AZ61G0Z2WilskkCNfqzxskOvxdNJPkPCmwEtM4jPJfz75ceG2n1X2BduBQNGnDC7v8GV+2Fp8a5ZgriIcAnlJBA55UCmKIvwvr7oNOiu5yrK+ZxqGrqqX349fx/fDuJiY0LteeYpp1hOi4wJ8UzmOTLVmO1MOnZPdujeddtnY4ZsSbKNt6cc9NBcXg/YAKC8BMHSmXjOi2FnPP0mQqaNGyMMJ+XnU5tL1Ct790Xs2ySi4h7u6gECV8xlibZhz6URLdjL1fEuyNRB0bfTEnZdSK/PrLUWQz9vEHj4Uebb9hDG5UAMBOF7f2muKpyP7g41l5hwJU= generated-by-azure",
                "username": "azureuser"
              }
            ],
            "admin_username": "azureuser",
            "allow_extension_operations": true,
            "availability_set_id": "",
            "boot_diagnostics": [],
            "capacity_reservation_group_id": "",
            "computer_name": "jumpbox",
            "custom_data": null,
            "dedicated_host_group_id": "",
            "dedicated_host_id": "",
            "disable_password_authentication": true,
            "edge_zone": "",
            "encryption_at_host_enabled": false,
            "eviction_policy": "",
            "extensions_time_budget": "PT1H30M",
            "gallery_application": [],
            "id": "/subscriptions/03c362fd-3e66-4f99-b044-781faff09674/resourceGroups/tp2_resource_group/providers/Microsoft.Compute/virtualMachines/jumpbox",
            "identity": [],
            "license_type": "",
            "location": "eastus2",
            "max_bid_price": -1,
            "name": "jumpbox",
            "network_interface_ids": [
              "/subscriptions/03c362fd-3e66-4f99-b044-781faff09674/resourceGroups/tp2_resource_group/providers/Microsoft.Network/networkInterfaces/jumpbox_nic"
            ],
            "os_disk": [
              {
                "caching": "ReadWrite",
                "diff_disk_settings": [],
                "disk_encryption_set_id": "",
                "disk_size_gb": 30,
                "name": "jumpbox_OsDisk_1_3117833b5c4f40558618da49bcdb64ed",
                "secure_vm_disk_encryption_set_id": "",
                "security_encryption_type": "",
                "storage_account_type": "Standard_LRS",
                "write_accelerator_enabled": false
              }
            ],
            "patch_assessment_mode": "ImageDefault",
            "patch_mode": "ImageDefault",
            "plan": [],
            "platform_fault_domain": -1,
            "priority": "Regular",
            "private_ip_address": "10.0.3.4",
            "private_ip_addresses": [
              "10.0.3.4"
            ],
            "provision_vm_agent": true,
            "proximity_placement_group_id": "",
            "public_ip_address": "20.94.74.226",
            "public_ip_addresses": [
              "20.94.74.226"
            ],
            "resource_group_name": "tp2_resource_group",
            "secret": [],
            "secure_boot_enabled": false,
            "size": "Standard_B1s",
            "source_image_id": "",
            "source_image_reference": [
              {
                "offer": "0001-com-ubuntu-server-jammy",
                "publisher": "Canonical",
                "sku": "22_04-lts-gen2",
                "version": "latest"
              }
            ],
            "tags": null,
            "termination_notification": null,
            "timeouts": null,
            "user_data": "",
            "virtual_machine_id": "d03a373b-b670-46f7-a498-2ae5dc75b39a",
            "virtual_machine_scale_set_id": "",
            "vtpm_enabled": false,
            "zone": ""
          },
          "sensitive_attributes": [],
          "private": "eyJlMmJmYjczMC1lY2FhLTExZTYtOGY4OC0zNDM2M2JjN2M0YzAiOnsiY3JlYXRlIjoyNzAwMDAwMDAwMDAwLCJkZWxldGUiOjI3MDAwMDAwMDAwMDAsInJlYWQiOjMwMDAwMDAwMDAwMCwidXBkYXRlIjoyNzAwMDAwMDAwMDAwfX0=",
          "dependencies": [
            "azurerm_network_interface.jumpbox_nic",
            "azurerm_public_ip.jumpbox_public_ip",
            "azurerm_resource_group.tp2_resource_group",
            "azurerm_subnet.tp2_sn_jumpbox",
            "azurerm_virtual_network.tp2_vn",
            "random_string.jumpbox_name"
          ]
        }
      ]
    },
    {
      "mode": "managed",
      "type": "azurerm_linux_virtual_machine_scale_set",
      "name": "tp2_vmss",
      "provider": "provider[\"registry.terraform.io/hashicorp/azurerm\"]",
      "instances": [
        {
          "schema_version": 0,
          "attributes": {
            "additional_capabilities": [],
            "admin_password": null,
            "admin_ssh_key": [
              {
                "public_key": "ssh-rsa AAAAB3NzaC1yc2EAAAADAQABAAABgQC7elKOGGHBQ+8OZvTfO6wXjCCX7QMEHT3ZW9jtMPhh1BtKo3b+QRStkETy+PdDjBmDL+0Vqzx6Sv2X/mB5iuZ3d2m+L1ntSGp7u759HPpFxIBhjdFLSkIDMqS320TLKeVcifpeFO3OgwWMYE0OByqmKSN5M3un5PTCXEbT0Cu051SDRubc5vl3DHgF1AZ61G0Z2WilskkCNfqzxskOvxdNJPkPCmwEtM4jPJfz75ceG2n1X2BduBQNGnDC7v8GV+2Fp8a5ZgriIcAnlJBA55UCmKIvwvr7oNOiu5yrK+ZxqGrqqX349fx/fDuJiY0LteeYpp1hOi4wJ8UzmOTLVmO1MOnZPdujeddtnY4ZsSbKNt6cc9NBcXg/YAKC8BMHSmXjOi2FnPP0mQqaNGyMMJ+XnU5tL1Ct790Xs2ySi4h7u6gECV8xlibZhz6URLdjL1fEuyNRB0bfTEnZdSK/PrLUWQz9vEHj4Uebb9hDG5UAMBOF7f2muKpyP7g41l5hwJU= generated-by-azure",
                "username": "azureuser"
              }
            ],
            "admin_username": "azureuser",
            "automatic_instance_repair": [
              {
                "enabled": false,
                "grace_period": "PT30M"
              }
            ],
            "automatic_os_upgrade_policy": [],
            "boot_diagnostics": [],
            "capacity_reservation_group_id": "",
            "computer_name_prefix": "tp2vmss",
            "custom_data": null,
            "data_disk": [],
            "disable_password_authentication": true,
            "do_not_run_extensions_on_overprovisioned_machines": false,
            "edge_zone": "",
            "encryption_at_host_enabled": false,
            "eviction_policy": "",
            "extension": [],
            "extension_operations_enabled": true,
            "extensions_time_budget": "PT1H30M",
            "gallery_application": null,
            "gallery_applications": null,
            "health_probe_id": "",
            "host_group_id": null,
            "id": "/subscriptions/03c362fd-3e66-4f99-b044-781faff09674/resourceGroups/tp2_resource_group/providers/Microsoft.Compute/virtualMachineScaleSets/tp2vmss",
            "identity": [],
            "instances": 1,
            "location": "eastus2",
            "max_bid_price": -1,
            "name": "tp2vmss",
            "network_interface": [
              {
                "dns_servers": null,
                "enable_accelerated_networking": false,
                "enable_ip_forwarding": false,
                "ip_configuration": [
                  {
                    "application_gateway_backend_address_pool_ids": null,
                    "application_security_group_ids": null,
                    "load_balancer_backend_address_pool_ids": [
                      "/subscriptions/03c362fd-3e66-4f99-b044-781faff09674/resourceGroups/tp2_resource_group/providers/Microsoft.Network/loadBalancers/tp2_lb/backendAddressPools/lb_backend_address_pool"
                    ],
                    "load_balancer_inbound_nat_rules_ids": null,
                    "name": "node_nic_config",
                    "primary": true,
                    "public_ip_address": [],
                    "subnet_id": "/subscriptions/03c362fd-3e66-4f99-b044-781faff09674/resourceGroups/tp2_resource_group/providers/Microsoft.Network/virtualNetworks/tp2_network/subnets/tp2_vmss_subnet",
                    "version": "IPv4"
                  }
                ],
                "name": "node_nic",
                "network_security_group_id": "",
                "primary": true
              }
            ],
            "os_disk": [
              {
                "caching": "ReadWrite",
                "diff_disk_settings": [],
                "disk_encryption_set_id": "",
                "disk_size_gb": 30,
                "secure_vm_disk_encryption_set_id": "",
                "security_encryption_type": "",
                "storage_account_type": "StandardSSD_LRS",
                "write_accelerator_enabled": false
              }
            ],
            "overprovision": true,
            "plan": [],
            "platform_fault_domain_count": 0,
            "priority": "Regular",
            "provision_vm_agent": true,
            "proximity_placement_group_id": "",
            "resource_group_name": "tp2_resource_group",
            "rolling_upgrade_policy": [],
            "scale_in": [
              {
                "force_deletion_enabled": false,
                "rule": "Default"
              }
            ],
            "scale_in_policy": "Default",
            "secret": [],
            "secure_boot_enabled": false,
            "single_placement_group": true,
            "sku": "Standard_B1s",
            "source_image_id": "",
            "source_image_reference": [
              {
                "offer": "0001-com-ubuntu-server-jammy",
                "publisher": "Canonical",
                "sku": "22_04-lts-gen2",
                "version": "latest"
              }
            ],
            "spot_restore": null,
            "tags": null,
            "terminate_notification": null,
            "termination_notification": null,
            "timeouts": null,
            "unique_id": "5cf1afb2-0632-44ca-ab11-0b920f15297a",
            "upgrade_mode": "Automatic",
            "user_data": "",
            "vtpm_enabled": false,
            "zone_balance": false,
            "zones": null
          },
          "sensitive_attributes": [],
          "private": "eyJlMmJmYjczMC1lY2FhLTExZTYtOGY4OC0zNDM2M2JjN2M0YzAiOnsiY3JlYXRlIjozNjAwMDAwMDAwMDAwLCJkZWxldGUiOjM2MDAwMDAwMDAwMDAsInJlYWQiOjMwMDAwMDAwMDAwMCwidXBkYXRlIjozNjAwMDAwMDAwMDAwfX0=",
          "dependencies": [
            "azurerm_lb.tp2_lb",
            "azurerm_lb_backend_address_pool.lb_backend_address_pool",
            "azurerm_lb_probe.lb_probe",
            "azurerm_lb_rule.lb_rule",
            "azurerm_public_ip.lb_public_ip",
            "azurerm_resource_group.tp2_resource_group",
            "azurerm_subnet.tp2_sn_vmss",
            "azurerm_virtual_network.tp2_vn",
            "random_string.lb_name"
          ]
        }
      ]
    },
    {
      "mode": "managed",
      "type": "azurerm_network_interface",
      "name": "jumpbox_nic",
      "provider": "provider[\"registry.terraform.io/hashicorp/azurerm\"]",
      "instances": [
        {
          "schema_version": 0,
          "attributes": {
            "applied_dns_servers": [],
            "dns_servers": [],
            "edge_zone": "",
            "enable_accelerated_networking": false,
            "enable_ip_forwarding": false,
            "id": "/subscriptions/03c362fd-3e66-4f99-b044-781faff09674/resourceGroups/tp2_resource_group/providers/Microsoft.Network/networkInterfaces/jumpbox_nic",
            "internal_dns_name_label": "",
            "internal_domain_name_suffix": "c0w3nzoadaruldfbdc3ws1fq3a.cx.internal.cloudapp.net",
            "ip_configuration": [
              {
                "gateway_load_balancer_frontend_ip_configuration_id": "",
                "name": "jumpbox_nic_config",
                "primary": true,
                "private_ip_address": "10.0.3.4",
                "private_ip_address_allocation": "Dynamic",
                "private_ip_address_version": "IPv4",
                "public_ip_address_id": "/subscriptions/03c362fd-3e66-4f99-b044-781faff09674/resourceGroups/tp2_resource_group/providers/Microsoft.Network/publicIPAddresses/jumpbox_public_ip",
                "subnet_id": "/subscriptions/03c362fd-3e66-4f99-b044-781faff09674/resourceGroups/tp2_resource_group/providers/Microsoft.Network/virtualNetworks/tp2_network/subnets/tp2_jumpbox_subnet"
              }
            ],
            "location": "eastus2",
            "mac_address": "",
            "name": "jumpbox_nic",
            "private_ip_address": "10.0.3.4",
            "private_ip_addresses": [
              "10.0.3.4"
            ],
            "resource_group_name": "tp2_resource_group",
            "tags": null,
            "timeouts": null,
            "virtual_machine_id": ""
          },
          "sensitive_attributes": [],
          "private": "eyJlMmJmYjczMC1lY2FhLTExZTYtOGY4OC0zNDM2M2JjN2M0YzAiOnsiY3JlYXRlIjoxODAwMDAwMDAwMDAwLCJkZWxldGUiOjE4MDAwMDAwMDAwMDAsInJlYWQiOjMwMDAwMDAwMDAwMCwidXBkYXRlIjoxODAwMDAwMDAwMDAwfX0=",
          "dependencies": [
            "azurerm_public_ip.jumpbox_public_ip",
            "azurerm_resource_group.tp2_resource_group",
            "azurerm_subnet.tp2_sn_jumpbox",
            "azurerm_virtual_network.tp2_vn",
            "random_string.jumpbox_name"
          ]
        }
      ]
    },
    {
      "mode": "managed",
      "type": "azurerm_network_security_group",
      "name": "ssh_sg",
      "provider": "provider[\"registry.terraform.io/hashicorp/azurerm\"]",
      "instances": [
        {
          "schema_version": 0,
          "attributes": {
            "id": "/subscriptions/03c362fd-3e66-4f99-b044-781faff09674/resourceGroups/tp2_resource_group/providers/Microsoft.Network/networkSecurityGroups/ssh_sg",
            "location": "eastus2",
            "name": "ssh_sg",
            "resource_group_name": "tp2_resource_group",
            "security_rule": [
              {
                "access": "Allow",
                "description": "",
                "destination_address_prefix": "*",
                "destination_address_prefixes": [],
                "destination_application_security_group_ids": [],
                "destination_port_range": "22",
                "destination_port_ranges": [],
                "direction": "Inbound",
                "name": "SSH",
                "priority": 1001,
                "protocol": "Tcp",
                "source_address_prefix": "*",
                "source_address_prefixes": [],
                "source_application_security_group_ids": [],
                "source_port_range": "*",
                "source_port_ranges": []
              }
            ],
            "tags": null,
            "timeouts": null
          },
          "sensitive_attributes": [],
          "private": "eyJlMmJmYjczMC1lY2FhLTExZTYtOGY4OC0zNDM2M2JjN2M0YzAiOnsiY3JlYXRlIjoxODAwMDAwMDAwMDAwLCJkZWxldGUiOjE4MDAwMDAwMDAwMDAsInJlYWQiOjMwMDAwMDAwMDAwMCwidXBkYXRlIjoxODAwMDAwMDAwMDAwfX0=",
          "dependencies": [
            "azurerm_resource_group.tp2_resource_group"
          ]
        }
      ]
    },
    {
      "mode": "managed",
      "type": "azurerm_public_ip",
      "name": "jumpbox_public_ip",
      "provider": "provider[\"registry.terraform.io/hashicorp/azurerm\"]",
      "instances": [
        {
          "schema_version": 0,
          "attributes": {
            "allocation_method": "Dynamic",
            "ddos_protection_mode": "VirtualNetworkInherited",
            "ddos_protection_plan_id": null,
            "domain_name_label": "letmevsrhz",
            "edge_zone": "",
            "fqdn": "letmevsrhz.eastus2.cloudapp.azure.com",
            "id": "/subscriptions/03c362fd-3e66-4f99-b044-781faff09674/resourceGroups/tp2_resource_group/providers/Microsoft.Network/publicIPAddresses/jumpbox_public_ip",
            "idle_timeout_in_minutes": 4,
            "ip_address": "",
            "ip_tags": null,
            "ip_version": "IPv4",
            "location": "eastus2",
            "name": "jumpbox_public_ip",
            "public_ip_prefix_id": null,
            "resource_group_name": "tp2_resource_group",
            "reverse_fqdn": "",
            "sku": "Basic",
            "sku_tier": "Regional",
            "tags": null,
            "timeouts": null,
            "zones": null
          },
          "sensitive_attributes": [],
          "private": "eyJlMmJmYjczMC1lY2FhLTExZTYtOGY4OC0zNDM2M2JjN2M0YzAiOnsiY3JlYXRlIjoxODAwMDAwMDAwMDAwLCJkZWxldGUiOjE4MDAwMDAwMDAwMDAsInJlYWQiOjMwMDAwMDAwMDAwMCwidXBkYXRlIjoxODAwMDAwMDAwMDAwfX0=",
          "dependencies": [
            "azurerm_resource_group.tp2_resource_group",
            "random_string.jumpbox_name"
          ]
        }
      ]
    },
    {
      "mode": "managed",
      "type": "azurerm_public_ip",
      "name": "lb_public_ip",
      "provider": "provider[\"registry.terraform.io/hashicorp/azurerm\"]",
      "instances": [
        {
          "schema_version": 0,
          "attributes": {
            "allocation_method": "Dynamic",
            "ddos_protection_mode": "VirtualNetworkInherited",
            "ddos_protection_plan_id": null,
            "domain_name_label": "njvebahacs",
            "edge_zone": "",
            "fqdn": "njvebahacs.eastus2.cloudapp.azure.com",
            "id": "/subscriptions/03c362fd-3e66-4f99-b044-781faff09674/resourceGroups/tp2_resource_group/providers/Microsoft.Network/publicIPAddresses/lb_public_ip",
            "idle_timeout_in_minutes": 4,
            "ip_address": "",
            "ip_tags": null,
            "ip_version": "IPv4",
            "location": "eastus2",
            "name": "lb_public_ip",
            "public_ip_prefix_id": null,
            "resource_group_name": "tp2_resource_group",
            "reverse_fqdn": "",
            "sku": "Basic",
            "sku_tier": "Regional",
            "tags": null,
            "timeouts": null,
            "zones": null
          },
          "sensitive_attributes": [],
          "private": "eyJlMmJmYjczMC1lY2FhLTExZTYtOGY4OC0zNDM2M2JjN2M0YzAiOnsiY3JlYXRlIjoxODAwMDAwMDAwMDAwLCJkZWxldGUiOjE4MDAwMDAwMDAwMDAsInJlYWQiOjMwMDAwMDAwMDAwMCwidXBkYXRlIjoxODAwMDAwMDAwMDAwfX0=",
          "dependencies": [
            "azurerm_resource_group.tp2_resource_group",
            "random_string.lb_name"
          ]
        }
      ]
    },
    {
      "mode": "managed",
      "type": "azurerm_resource_group",
      "name": "tp2_resource_group",
      "provider": "provider[\"registry.terraform.io/hashicorp/azurerm\"]",
      "instances": [
        {
          "schema_version": 0,
          "attributes": {
            "id": "/subscriptions/03c362fd-3e66-4f99-b044-781faff09674/resourceGroups/tp2_resource_group",
            "location": "eastus2",
            "name": "tp2_resource_group",
            "tags": null,
            "timeouts": null
          },
          "sensitive_attributes": [],
          "private": "eyJlMmJmYjczMC1lY2FhLTExZTYtOGY4OC0zNDM2M2JjN2M0YzAiOnsiY3JlYXRlIjo1NDAwMDAwMDAwMDAwLCJkZWxldGUiOjU0MDAwMDAwMDAwMDAsInJlYWQiOjMwMDAwMDAwMDAwMCwidXBkYXRlIjo1NDAwMDAwMDAwMDAwfX0="
        }
      ]
    },
    {
      "mode": "managed",
      "type": "azurerm_subnet",
      "name": "tp2_sn_container",
      "provider": "provider[\"registry.terraform.io/hashicorp/azurerm\"]",
      "instances": [
        {
          "schema_version": 0,
          "attributes": {
            "address_prefixes": [
              "10.0.4.0/24"
            ],
            "delegation": [
              {
                "name": "tp2_sn_container_delegation",
                "service_delegation": [
                  {
                    "actions": [
                      "Microsoft.Network/virtualNetworks/subnets/action"
                    ],
                    "name": "Microsoft.ContainerInstance/containerGroups"
                  }
                ]
              }
            ],
            "enforce_private_link_endpoint_network_policies": false,
            "enforce_private_link_service_network_policies": false,
            "id": "/subscriptions/03c362fd-3e66-4f99-b044-781faff09674/resourceGroups/tp2_resource_group/providers/Microsoft.Network/virtualNetworks/tp2_network/subnets/tp2_container_subnet",
            "name": "tp2_container_subnet",
            "private_endpoint_network_policies_enabled": true,
            "private_link_service_network_policies_enabled": true,
            "resource_group_name": "tp2_resource_group",
            "service_endpoint_policy_ids": null,
            "service_endpoints": null,
            "timeouts": null,
            "virtual_network_name": "tp2_network"
          },
          "sensitive_attributes": [],
          "private": "eyJlMmJmYjczMC1lY2FhLTExZTYtOGY4OC0zNDM2M2JjN2M0YzAiOnsiY3JlYXRlIjoxODAwMDAwMDAwMDAwLCJkZWxldGUiOjE4MDAwMDAwMDAwMDAsInJlYWQiOjMwMDAwMDAwMDAwMCwidXBkYXRlIjoxODAwMDAwMDAwMDAwfX0=",
          "dependencies": [
            "azurerm_resource_group.tp2_resource_group",
            "azurerm_virtual_network.tp2_vn"
          ]
        }
      ]
    },
    {
      "mode": "managed",
      "type": "azurerm_subnet",
      "name": "tp2_sn_jumpbox",
      "provider": "provider[\"registry.terraform.io/hashicorp/azurerm\"]",
      "instances": [
        {
          "schema_version": 0,
          "attributes": {
            "address_prefixes": [
              "10.0.3.0/24"
            ],
            "delegation": [],
            "enforce_private_link_endpoint_network_policies": false,
            "enforce_private_link_service_network_policies": false,
            "id": "/subscriptions/03c362fd-3e66-4f99-b044-781faff09674/resourceGroups/tp2_resource_group/providers/Microsoft.Network/virtualNetworks/tp2_network/subnets/tp2_jumpbox_subnet",
            "name": "tp2_jumpbox_subnet",
            "private_endpoint_network_policies_enabled": true,
            "private_link_service_network_policies_enabled": true,
            "resource_group_name": "tp2_resource_group",
            "service_endpoint_policy_ids": null,
            "service_endpoints": null,
            "timeouts": null,
            "virtual_network_name": "tp2_network"
          },
          "sensitive_attributes": [],
          "private": "eyJlMmJmYjczMC1lY2FhLTExZTYtOGY4OC0zNDM2M2JjN2M0YzAiOnsiY3JlYXRlIjoxODAwMDAwMDAwMDAwLCJkZWxldGUiOjE4MDAwMDAwMDAwMDAsInJlYWQiOjMwMDAwMDAwMDAwMCwidXBkYXRlIjoxODAwMDAwMDAwMDAwfX0=",
          "dependencies": [
            "azurerm_resource_group.tp2_resource_group",
            "azurerm_virtual_network.tp2_vn"
          ]
        }
      ]
    },
    {
      "mode": "managed",
      "type": "azurerm_subnet",
      "name": "tp2_sn_vmss",
      "provider": "provider[\"registry.terraform.io/hashicorp/azurerm\"]",
      "instances": [
        {
          "schema_version": 0,
          "attributes": {
            "address_prefixes": [
              "10.0.2.0/24"
            ],
            "delegation": [],
            "enforce_private_link_endpoint_network_policies": false,
            "enforce_private_link_service_network_policies": false,
            "id": "/subscriptions/03c362fd-3e66-4f99-b044-781faff09674/resourceGroups/tp2_resource_group/providers/Microsoft.Network/virtualNetworks/tp2_network/subnets/tp2_vmss_subnet",
            "name": "tp2_vmss_subnet",
            "private_endpoint_network_policies_enabled": true,
            "private_link_service_network_policies_enabled": true,
            "resource_group_name": "tp2_resource_group",
            "service_endpoint_policy_ids": null,
            "service_endpoints": null,
            "timeouts": null,
            "virtual_network_name": "tp2_network"
          },
          "sensitive_attributes": [],
          "private": "eyJlMmJmYjczMC1lY2FhLTExZTYtOGY4OC0zNDM2M2JjN2M0YzAiOnsiY3JlYXRlIjoxODAwMDAwMDAwMDAwLCJkZWxldGUiOjE4MDAwMDAwMDAwMDAsInJlYWQiOjMwMDAwMDAwMDAwMCwidXBkYXRlIjoxODAwMDAwMDAwMDAwfX0=",
          "dependencies": [
            "azurerm_resource_group.tp2_resource_group",
            "azurerm_virtual_network.tp2_vn"
          ]
        }
      ]
    },
    {
      "mode": "managed",
      "type": "azurerm_virtual_network",
      "name": "tp2_vn",
      "provider": "provider[\"registry.terraform.io/hashicorp/azurerm\"]",
      "instances": [
        {
          "schema_version": 0,
          "attributes": {
            "address_space": [
              "10.0.0.0/16"
            ],
            "bgp_community": "",
            "ddos_protection_plan": [],
            "dns_servers": [],
            "edge_zone": "",
            "flow_timeout_in_minutes": 0,
            "guid": "e5d6ad16-18c0-4523-8ca1-18bb696cb0e8",
            "id": "/subscriptions/03c362fd-3e66-4f99-b044-781faff09674/resourceGroups/tp2_resource_group/providers/Microsoft.Network/virtualNetworks/tp2_network",
            "location": "eastus2",
            "name": "tp2_network",
            "resource_group_name": "tp2_resource_group",
            "subnet": [],
            "tags": null,
            "timeouts": null
          },
          "sensitive_attributes": [],
          "private": "eyJlMmJmYjczMC1lY2FhLTExZTYtOGY4OC0zNDM2M2JjN2M0YzAiOnsiY3JlYXRlIjoxODAwMDAwMDAwMDAwLCJkZWxldGUiOjE4MDAwMDAwMDAwMDAsInJlYWQiOjMwMDAwMDAwMDAwMCwidXBkYXRlIjoxODAwMDAwMDAwMDAwfX0=",
          "dependencies": [
            "azurerm_resource_group.tp2_resource_group"
          ]
        }
      ]
    },
    {
      "mode": "managed",
      "type": "random_string",
      "name": "container_name",
      "provider": "provider[\"registry.terraform.io/hashicorp/random\"]",
      "instances": [
        {
          "schema_version": 2,
          "attributes": {
            "id": "ahgijamjxfezzbzffauiedzre",
            "keepers": null,
            "length": 25,
            "lower": true,
            "min_lower": 0,
            "min_numeric": 0,
            "min_special": 0,
            "min_upper": 0,
            "number": false,
            "numeric": false,
            "override_special": null,
            "result": "ahgijamjxfezzbzffauiedzre",
            "special": false,
            "upper": false
          },
          "sensitive_attributes": []
        }
      ]
    },
    {
      "mode": "managed",
      "type": "random_string",
      "name": "jumpbox_name",
      "provider": "provider[\"registry.terraform.io/hashicorp/random\"]",
      "instances": [
        {
          "schema_version": 2,
          "attributes": {
            "id": "letmevsrhz",
            "keepers": null,
            "length": 10,
            "lower": true,
            "min_lower": 0,
            "min_numeric": 0,
            "min_special": 0,
            "min_upper": 0,
            "number": false,
            "numeric": false,
            "override_special": null,
            "result": "letmevsrhz",
            "special": false,
            "upper": false
          },
          "sensitive_attributes": []
        }
      ]
    },
    {
      "mode": "managed",
      "type": "random_string",
      "name": "lb_name",
      "provider": "provider[\"registry.terraform.io/hashicorp/random\"]",
      "instances": [
        {
          "schema_version": 2,
          "attributes": {
            "id": "njvebahacs",
            "keepers": null,
            "length": 10,
            "lower": true,
            "min_lower": 0,
            "min_numeric": 0,
            "min_special": 0,
            "min_upper": 0,
            "number": false,
            "numeric": false,
            "override_special": null,
            "result": "njvebahacs",
            "special": false,
            "upper": false
          },
          "sensitive_attributes": []
        }
      ]
    }
  ],
  "check_results": null
}
